
Microsoft Visual Studio Solution File, Format Version 12.00
# Visual Studio Version 16
VisualStudioVersion = 16.0.31105.61
MinimumVisualStudioVersion = 10.0.40219.1
Project("{FAE04EC0-301F-11D3-BF4B-00C04F79EFBC}") = "VU1_Control", "VU1_Control.csproj", "{CFB08D76-FFD2-4F6A-AAF4-B49C396A32E5}"
EndProject
Global
	GlobalSection(SolutionConfigurationPlatforms) = preSolution
		Debug|Any CPU = Debug|Any CPU
		Release|Any CPU = Release|Any CPU
	EndGlobalSection
	GlobalSection(ProjectConfigurationPlatforms) = postSolution
		{CFB08D76-FFD2-4F6A-AAF4-B49C396A32E5}.Debug|Any CPU.ActiveCfg = Debug|Any CPU
		{CFB08D76-FFD2-4F6A-AAF4-B49C396A32E5}.Debug|Any CPU.Build.0 = Debug|Any CPU
		{CFB08D76-FFD2-4F6A-AAF4-B49C396A32E5}.Release|Any CPU.ActiveCfg = Release|Any CPU
		{CFB08D76-FFD2-4F6A-AAF4-B49C396A32E5}.Release|Any CPU.Build.0 = Release|Any CPU
	EndGlobalSection
	GlobalSection(SolutionProperties) = preSolution
		HideSolutionNode = FALSE
	EndGlobalSection
	GlobalSection(ExtensibilityGlobals) = postSolution
		SolutionGuid = {992D9F4D-27FC-4D35-A8C8-AD2A1DA77009}
	EndGlobalSection
EndGlobal
